
Microsoft Visual Studio Solution File, Format Version 12.00
# Visual Studio 14
VisualStudioVersion = 14.0.22310.1
MinimumVisualStudioVersion = 10.0.40219.1
Project("{2150E333-8FDC-42A3-9474-1A3956D46DE8}") = "Engine", "Engine", "{25D65997-092A-4F0B-BE73-22E82E2927AE}"
EndProject
Project("{2150E333-8FDC-42A3-9474-1A3956D46DE8}") = "Games", "Games", "{7CE22C34-81D2-443B-BDBC-CE91FF0B616B}"
EndProject
Project("{8BC9CEB8-8B4A-11D0-8D11-00A0C91BC942}") = "NeuroSim", "Intermediate\ProjectFiles\NeuroSim.vcxproj", "{577A8BE4-C3BF-4697-97BC-818D06354A11}"
EndProject
Project("{8BC9CEB8-8B4A-11D0-8D11-00A0C91BC942}") = "UE4", "Intermediate\ProjectFiles\UE4.vcxproj", "{DFDCB237-ACB9-49FB-83BD-9622BE334D66}"
EndProject
Project("{2150E333-8FDC-42A3-9474-1A3956D46DE8}") = "Visualizers", "Visualizers", "{73D18C43-70A4-4C6F-9710-C7F0858D59C8}"
	ProjectSection(SolutionItems) = preProject
		..\..\UE_4.22\Engine\Extras\VisualStudioDebugging\UE4.natvis = ..\..\UE_4.22\Engine\Extras\VisualStudioDebugging\UE4.natvis
	EndProjectSection
EndProject
Global
	GlobalSection(SolutionConfigurationPlatforms) = preSolution
		DebugGame Editor|HTML5 = DebugGame Editor|HTML5
		DebugGame Editor|Linux = DebugGame Editor|Linux
		DebugGame Editor|Win32 = DebugGame Editor|Win32
		DebugGame Editor|Win64 = DebugGame Editor|Win64
		DebugGame|HTML5 = DebugGame|HTML5
		DebugGame|Linux = DebugGame|Linux
		DebugGame|Win32 = DebugGame|Win32
		DebugGame|Win64 = DebugGame|Win64
		Development Editor|HTML5 = Development Editor|HTML5
		Development Editor|Linux = Development Editor|Linux
		Development Editor|Win32 = Development Editor|Win32
		Development Editor|Win64 = Development Editor|Win64
		Development|HTML5 = Development|HTML5
		Development|Linux = Development|Linux
		Development|Win32 = Development|Win32
		Development|Win64 = Development|Win64
		Shipping|HTML5 = Shipping|HTML5
		Shipping|Linux = Shipping|Linux
		Shipping|Win32 = Shipping|Win32
		Shipping|Win64 = Shipping|Win64
	EndGlobalSection
	GlobalSection(ProjectConfigurationPlatforms) = postSolution
		{577A8BE4-C3BF-4697-97BC-818D06354A11}.DebugGame Editor|HTML5.ActiveCfg = Invalid|Win32
		{577A8BE4-C3BF-4697-97BC-818D06354A11}.DebugGame Editor|Linux.ActiveCfg = Linux_DebugGame_Editor|Win32
		{577A8BE4-C3BF-4697-97BC-818D06354A11}.DebugGame Editor|Linux.Build.0 = Linux_DebugGame_Editor|Win32
		{577A8BE4-C3BF-4697-97BC-818D06354A11}.DebugGame Editor|Win32.ActiveCfg = Invalid|Win32
		{577A8BE4-C3BF-4697-97BC-818D06354A11}.DebugGame Editor|Win64.ActiveCfg = DebugGame_Editor|x64
		{577A8BE4-C3BF-4697-97BC-818D06354A11}.DebugGame Editor|Win64.Build.0 = DebugGame_Editor|x64
		{577A8BE4-C3BF-4697-97BC-818D06354A11}.DebugGame|HTML5.ActiveCfg = HTML5_DebugGame|Win32
		{577A8BE4-C3BF-4697-97BC-818D06354A11}.DebugGame|HTML5.Build.0 = HTML5_DebugGame|Win32
		{577A8BE4-C3BF-4697-97BC-818D06354A11}.DebugGame|Linux.ActiveCfg = Linux_DebugGame|Win32
		{577A8BE4-C3BF-4697-97BC-818D06354A11}.DebugGame|Linux.Build.0 = Linux_DebugGame|Win32
		{577A8BE4-C3BF-4697-97BC-818D06354A11}.DebugGame|Win32.ActiveCfg = DebugGame|Win32
		{577A8BE4-C3BF-4697-97BC-818D06354A11}.DebugGame|Win32.Build.0 = DebugGame|Win32
		{577A8BE4-C3BF-4697-97BC-818D06354A11}.DebugGame|Win64.ActiveCfg = DebugGame|x64
		{577A8BE4-C3BF-4697-97BC-818D06354A11}.DebugGame|Win64.Build.0 = DebugGame|x64
		{577A8BE4-C3BF-4697-97BC-818D06354A11}.Development Editor|HTML5.ActiveCfg = Invalid|Win32
		{577A8BE4-C3BF-4697-97BC-818D06354A11}.Development Editor|Linux.ActiveCfg = Linux_Development_Editor|Win32
		{577A8BE4-C3BF-4697-97BC-818D06354A11}.Development Editor|Linux.Build.0 = Linux_Development_Editor|Win32
		{577A8BE4-C3BF-4697-97BC-818D06354A11}.Development Editor|Win32.ActiveCfg = Invalid|Win32
		{577A8BE4-C3BF-4697-97BC-818D06354A11}.Development Editor|Win64.ActiveCfg = Development_Editor|x64
		{577A8BE4-C3BF-4697-97BC-818D06354A11}.Development Editor|Win64.Build.0 = Development_Editor|x64
		{577A8BE4-C3BF-4697-97BC-818D06354A11}.Development|HTML5.ActiveCfg = HTML5_Development|Win32
		{577A8BE4-C3BF-4697-97BC-818D06354A11}.Development|HTML5.Build.0 = HTML5_Development|Win32
		{577A8BE4-C3BF-4697-97BC-818D06354A11}.Development|Linux.ActiveCfg = Linux_Development|Win32
		{577A8BE4-C3BF-4697-97BC-818D06354A11}.Development|Linux.Build.0 = Linux_Development|Win32
		{577A8BE4-C3BF-4697-97BC-818D06354A11}.Development|Win32.ActiveCfg = Development|Win32
		{577A8BE4-C3BF-4697-97BC-818D06354A11}.Development|Win32.Build.0 = Development|Win32
		{577A8BE4-C3BF-4697-97BC-818D06354A11}.Development|Win64.ActiveCfg = Development|x64
		{577A8BE4-C3BF-4697-97BC-818D06354A11}.Development|Win64.Build.0 = Development|x64
		{577A8BE4-C3BF-4697-97BC-818D06354A11}.Shipping|HTML5.ActiveCfg = HTML5_Shipping|Win32
		{577A8BE4-C3BF-4697-97BC-818D06354A11}.Shipping|HTML5.Build.0 = HTML5_Shipping|Win32
		{577A8BE4-C3BF-4697-97BC-818D06354A11}.Shipping|Linux.ActiveCfg = Linux_Shipping|Win32
		{577A8BE4-C3BF-4697-97BC-818D06354A11}.Shipping|Linux.Build.0 = Linux_Shipping|Win32
		{577A8BE4-C3BF-4697-97BC-818D06354A11}.Shipping|Win32.ActiveCfg = Shipping|Win32
		{577A8BE4-C3BF-4697-97BC-818D06354A11}.Shipping|Win32.Build.0 = Shipping|Win32
		{577A8BE4-C3BF-4697-97BC-818D06354A11}.Shipping|Win64.ActiveCfg = Shipping|x64
		{577A8BE4-C3BF-4697-97BC-818D06354A11}.Shipping|Win64.Build.0 = Shipping|x64
		{DFDCB237-ACB9-49FB-83BD-9622BE334D66}.DebugGame Editor|HTML5.ActiveCfg = BuiltWithUnrealBuildTool|Win32
		{DFDCB237-ACB9-49FB-83BD-9622BE334D66}.DebugGame Editor|Linux.ActiveCfg = BuiltWithUnrealBuildTool|Win32
		{DFDCB237-ACB9-49FB-83BD-9622BE334D66}.DebugGame Editor|Win32.ActiveCfg = BuiltWithUnrealBuildTool|Win32
		{DFDCB237-ACB9-49FB-83BD-9622BE334D66}.DebugGame Editor|Win64.ActiveCfg = BuiltWithUnrealBuildTool|Win32
		{DFDCB237-ACB9-49FB-83BD-9622BE334D66}.DebugGame|HTML5.ActiveCfg = BuiltWithUnrealBuildTool|Win32
		{DFDCB237-ACB9-49FB-83BD-9622BE334D66}.DebugGame|Linux.ActiveCfg = BuiltWithUnrealBuildTool|Win32
		{DFDCB237-ACB9-49FB-83BD-9622BE334D66}.DebugGame|Win32.ActiveCfg = BuiltWithUnrealBuildTool|Win32
		{DFDCB237-ACB9-49FB-83BD-9622BE334D66}.DebugGame|Win64.ActiveCfg = BuiltWithUnrealBuildTool|Win32
		{DFDCB237-ACB9-49FB-83BD-9622BE334D66}.Development Editor|HTML5.ActiveCfg = BuiltWithUnrealBuildTool|Win32
		{DFDCB237-ACB9-49FB-83BD-9622BE334D66}.Development Editor|Linux.ActiveCfg = BuiltWithUnrealBuildTool|Win32
		{DFDCB237-ACB9-49FB-83BD-9622BE334D66}.Development Editor|Win32.ActiveCfg = BuiltWithUnrealBuildTool|Win32
		{DFDCB237-ACB9-49FB-83BD-9622BE334D66}.Development Editor|Win64.ActiveCfg = BuiltWithUnrealBuildTool|Win32
		{DFDCB237-ACB9-49FB-83BD-9622BE334D66}.Development|HTML5.ActiveCfg = BuiltWithUnrealBuildTool|Win32
		{DFDCB237-ACB9-49FB-83BD-9622BE334D66}.Development|Linux.ActiveCfg = BuiltWithUnrealBuildTool|Win32
		{DFDCB237-ACB9-49FB-83BD-9622BE334D66}.Development|Win32.ActiveCfg = BuiltWithUnrealBuildTool|Win32
		{DFDCB237-ACB9-49FB-83BD-9622BE334D66}.Development|Win64.ActiveCfg = BuiltWithUnrealBuildTool|Win32
		{DFDCB237-ACB9-49FB-83BD-9622BE334D66}.Shipping|HTML5.ActiveCfg = BuiltWithUnrealBuildTool|Win32
		{DFDCB237-ACB9-49FB-83BD-9622BE334D66}.Shipping|Linux.ActiveCfg = BuiltWithUnrealBuildTool|Win32
		{DFDCB237-ACB9-49FB-83BD-9622BE334D66}.Shipping|Win32.ActiveCfg = BuiltWithUnrealBuildTool|Win32
		{DFDCB237-ACB9-49FB-83BD-9622BE334D66}.Shipping|Win64.ActiveCfg = BuiltWithUnrealBuildTool|Win32
	EndGlobalSection
	GlobalSection(SolutionProperties) = preSolution
		HideSolutionNode = FALSE
	EndGlobalSection
	GlobalSection(NestedProjects) = preSolution
		{DFDCB237-ACB9-49FB-83BD-9622BE334D66} = {25D65997-092A-4F0B-BE73-22E82E2927AE}
		{577A8BE4-C3BF-4697-97BC-818D06354A11} = {7CE22C34-81D2-443B-BDBC-CE91FF0B616B}
	EndGlobalSection
EndGlobal
